// !$*UTF8*$!
{
	archiveVersion = 1;
	classes = {
	};
	objectVersion = 60;
	objects = {

/* Begin PBXBuildFile section */
		0A0000010000000000000001 /* RLSScreenApp.swift in Sources */ = {isa = PBXBuildFile; fileRef = 0A0000010000000000000101 /* RLSScreenApp.swift */; };
		0A0000010000000000000002 /* Models/ScreeningModels.swift in Sources */ = {isa = PBXBuildFile; fileRef = 0A0000010000000000000102 /* Models/ScreeningModels.swift */; };
		0A0000010000000000000003 /* Models/ScreeningStore.swift in Sources */ = {isa = PBXBuildFile; fileRef = 0A0000010000000000000103 /* Models/ScreeningStore.swift */; };
		0A0000010000000000000004 /* Models/HealthDataProvider.swift in Sources */ = {isa = PBXBuildFile; fileRef = 0A0000010000000000000104 /* Models/HealthDataProvider.swift */; };
		0A0000010000000000000005 /* Views/ContentView.swift in Sources */ = {isa = PBXBuildFile; fileRef = 0A0000010000000000000105 /* Views/ContentView.swift */; };
		0A0000010000000000000006 /* Views/ScreeningView.swift in Sources */ = {isa = PBXBuildFile; fileRef = 0A0000010000000000000106 /* Views/ScreeningView.swift */; };
		0A0000010000000000000007 /* Views/InputSectionView.swift in Sources */ = {isa = PBXBuildFile; fileRef = 0A0000010000000000000107 /* Views/InputSectionView.swift */; };
		0A0000010000000000000008 /* Views/HistoryView.swift in Sources */ = {isa = PBXBuildFile; fileRef = 0A0000010000000000000108 /* Views/HistoryView.swift */; };
		0A0000010000000000000009 /* Views/ModelInfoView.swift in Sources */ = {isa = PBXBuildFile; fileRef = 0A0000010000000000000109 /* Views/ModelInfoView.swift */; };
		0A000001000000000000000A /* Views/ViewModifiers.swift in Sources */ = {isa = PBXBuildFile; fileRef = 0A000001000000000000010A /* Views/ViewModifiers.swift */; };
		0A000001000000000000000B /* Resources/RLSModelBundle.json in Resources */ = {isa = PBXBuildFile; fileRef = 0A000001000000000000010B /* Resources/RLSModelBundle.json */; };
		0A000001000000000000000C /* RLSInference in Frameworks */ = {isa = PBXBuildFile; productRef = 0A0000010000000000000502 /* RLSInference */; };
		0A000001000000000000000D /* Models/NotificationManager.swift in Sources */ = {isa = PBXBuildFile; fileRef = 0A000001000000000000010E /* Models/NotificationManager.swift */; };
		0A000001000000000000000E /* Models/BackgroundRefreshCoordinator.swift in Sources */ = {isa = PBXBuildFile; fileRef = 0A000001000000000000010F /* Models/BackgroundRefreshCoordinator.swift */; };
		0A000001000000000000000F /* Assets.xcassets in Resources */ = {isa = PBXBuildFile; fileRef = 0A0000010000000000000111 /* Assets.xcassets */; };
		0A0000010000000000000010 /* Views/SleepAnalysisView.swift in Sources */ = {isa = PBXBuildFile; fileRef = 0A0000010000000000000112 /* Views/SleepAnalysisView.swift */; };
		0A0000010000000000000011 /* Views/OnboardingView.swift in Sources */ = {isa = PBXBuildFile; fileRef = 0A0000010000000000000113 /* Views/OnboardingView.swift */; };
/* End PBXBuildFile section */

/* Begin PBXFileReference section */
		0A0000010000000000000101 /* RLSScreenApp.swift */ = {isa = PBXFileReference; lastKnownFileType = sourcecode.swift; path = RLSScreenApp.swift; sourceTree = "<group>"; };
		0A0000010000000000000102 /* Models/ScreeningModels.swift */ = {isa = PBXFileReference; lastKnownFileType = sourcecode.swift; path = Models/ScreeningModels.swift; sourceTree = "<group>"; };
		0A0000010000000000000103 /* Models/ScreeningStore.swift */ = {isa = PBXFileReference; lastKnownFileType = sourcecode.swift; path = Models/ScreeningStore.swift; sourceTree = "<group>"; };
		0A0000010000000000000104 /* Models/HealthDataProvider.swift */ = {isa = PBXFileReference; lastKnownFileType = sourcecode.swift; path = Models/HealthDataProvider.swift; sourceTree = "<group>"; };
		0A0000010000000000000105 /* Views/ContentView.swift */ = {isa = PBXFileReference; lastKnownFileType = sourcecode.swift; path = Views/ContentView.swift; sourceTree = "<group>"; };
		0A0000010000000000000106 /* Views/ScreeningView.swift */ = {isa = PBXFileReference; lastKnownFileType = sourcecode.swift; path = Views/ScreeningView.swift; sourceTree = "<group>"; };
		0A0000010000000000000107 /* Views/InputSectionView.swift */ = {isa = PBXFileReference; lastKnownFileType = sourcecode.swift; path = Views/InputSectionView.swift; sourceTree = "<group>"; };
		0A0000010000000000000108 /* Views/HistoryView.swift */ = {isa = PBXFileReference; lastKnownFileType = sourcecode.swift; path = Views/HistoryView.swift; sourceTree = "<group>"; };
		0A0000010000000000000109 /* Views/ModelInfoView.swift */ = {isa = PBXFileReference; lastKnownFileType = sourcecode.swift; path = Views/ModelInfoView.swift; sourceTree = "<group>"; };
		0A000001000000000000010A /* Views/ViewModifiers.swift */ = {isa = PBXFileReference; lastKnownFileType = sourcecode.swift; path = Views/ViewModifiers.swift; sourceTree = "<group>"; };
		0A000001000000000000010B /* Resources/RLSModelBundle.json */ = {isa = PBXFileReference; lastKnownFileType = text.json; path = Resources/RLSModelBundle.json; sourceTree = "<group>"; };
		0A000001000000000000010C /* RLSScreen.app */ = {isa = PBXFileReference; explicitFileType = wrapper.application; includeInIndex = 0; path = RLSScreen.app; sourceTree = BUILT_PRODUCTS_DIR; };
		0A000001000000000000010D /* RLSScreen.entitlements */ = {isa = PBXFileReference; lastKnownFileType = text.plist.entitlements; path = RLSScreen.entitlements; sourceTree = "<group>"; };
		0A000001000000000000010E /* Models/NotificationManager.swift */ = {isa = PBXFileReference; lastKnownFileType = sourcecode.swift; path = Models/NotificationManager.swift; sourceTree = "<group>"; };
		0A000001000000000000010F /* Models/BackgroundRefreshCoordinator.swift */ = {isa = PBXFileReference; lastKnownFileType = sourcecode.swift; path = Models/BackgroundRefreshCoordinator.swift; sourceTree = "<group>"; };
		0A0000010000000000000110 /* Info.plist */ = {isa = PBXFileReference; lastKnownFileType = text.plist.xml; path = Info.plist; sourceTree = "<group>"; };
		0A0000010000000000000111 /* Assets.xcassets */ = {isa = PBXFileReference; lastKnownFileType = folder.assetcatalog; path = Assets.xcassets; sourceTree = "<group>"; };
		0A0000010000000000000112 /* Views/SleepAnalysisView.swift */ = {isa = PBXFileReference; lastKnownFileType = sourcecode.swift; path = Views/SleepAnalysisView.swift; sourceTree = "<group>"; };
		0A0000010000000000000113 /* Views/OnboardingView.swift */ = {isa = PBXFileReference; lastKnownFileType = sourcecode.swift; path = Views/OnboardingView.swift; sourceTree = "<group>"; };
/* End PBXFileReference section */

/* Begin PBXFrameworksBuildPhase section */
		0A0000010000000000000201 /* Frameworks */ = {
			isa = PBXFrameworksBuildPhase;
			buildActionMask = 2147483647;
			files = (
				0A000001000000000000000C /* RLSInference in Frameworks */,
			);
			runOnlyForDeploymentPostprocessing = 0;
		};
/* End PBXFrameworksBuildPhase section */

/* Begin PBXGroup section */
		0A0000010000000000000301 = {
			isa = PBXGroup;
			children = (
				0A0000010000000000000302 /* RLSScreen */,
				0A0000010000000000000303 /* Products */,
			);
			sourceTree = "<group>";
		};
		0A0000010000000000000302 /* RLSScreen */ = {
			isa = PBXGroup;
			children = (
				0A0000010000000000000101 /* RLSScreenApp.swift */,
				0A000001000000000000010D /* RLSScreen.entitlements */,
				0A0000010000000000000110 /* Info.plist */,
				0A0000010000000000000111 /* Assets.xcassets */,
				0A0000010000000000000304 /* Models */,
				0A0000010000000000000305 /* Views */,
				0A0000010000000000000306 /* Resources */,
			);
			path = RLSScreen;
			sourceTree = "<group>";
		};
		0A0000010000000000000303 /* Products */ = {
			isa = PBXGroup;
			children = (
				0A000001000000000000010C /* RLSScreen.app */,
			);
			name = Products;
			sourceTree = "<group>";
		};
		0A0000010000000000000304 /* Models */ = {
			isa = PBXGroup;
			children = (
				0A0000010000000000000102 /* Models/ScreeningModels.swift */,
				0A0000010000000000000103 /* Models/ScreeningStore.swift */,
				0A0000010000000000000104 /* Models/HealthDataProvider.swift */,
				0A000001000000000000010E /* Models/NotificationManager.swift */,
				0A000001000000000000010F /* Models/BackgroundRefreshCoordinator.swift */,
			);
			name = Models;
			sourceTree = "<group>";
		};
		0A0000010000000000000305 /* Views */ = {
			isa = PBXGroup;
			children = (
				0A0000010000000000000105 /* Views/ContentView.swift */,
				0A0000010000000000000106 /* Views/ScreeningView.swift */,
				0A0000010000000000000113 /* Views/OnboardingView.swift */,
				0A0000010000000000000107 /* Views/InputSectionView.swift */,
				0A0000010000000000000108 /* Views/HistoryView.swift */,
				0A0000010000000000000112 /* Views/SleepAnalysisView.swift */,
				0A0000010000000000000109 /* Views/ModelInfoView.swift */,
				0A000001000000000000010A /* Views/ViewModifiers.swift */,
			);
			name = Views;
			sourceTree = "<group>";
		};
		0A0000010000000000000306 /* Resources */ = {
			isa = PBXGroup;
			children = (
				0A000001000000000000010B /* Resources/RLSModelBundle.json */,
			);
			name = Resources;
			sourceTree = "<group>";
		};
/* End PBXGroup section */

/* Begin PBXNativeTarget section */
		0A0000010000000000000401 /* RLSScreen */ = {
			isa = PBXNativeTarget;
			buildConfigurationList = 0A0000010000000000000702 /* Build configuration list for PBXNativeTarget "RLSScreen" */;
			buildPhases = (
				0A0000010000000000000202 /* Sources */,
				0A0000010000000000000201 /* Frameworks */,
				0A0000010000000000000203 /* Resources */,
			);
			buildRules = (
			);
			dependencies = (
			);
			name = RLSScreen;
			packageProductDependencies = (
				0A0000010000000000000502 /* RLSInference */,
			);
			productName = RLSScreen;
			productReference = 0A000001000000000000010C /* RLSScreen.app */;
			productType = "com.apple.product-type.application";
		};
/* End PBXNativeTarget section */

/* Begin PBXProject section */
		0A0000010000000000000601 /* Project object */ = {
			isa = PBXProject;
			attributes = {
				BuildIndependentTargetsInParallel = 1;
				LastSwiftUpdateCheck = 1600;
				LastUpgradeCheck = 1600;
				TargetAttributes = {
					0A0000010000000000000401 = {
						CreatedOnToolsVersion = 16.0;
						SystemCapabilities = {
							com.apple.BackgroundModes = {
								enabled = 1;
							};
							com.apple.HealthKit = {
								enabled = 1;
							};
						};
					};
				};
			};
			buildConfigurationList = 0A0000010000000000000701 /* Build configuration list for PBXProject "RLSScreen" */;
			compatibilityVersion = "Xcode 14.0";
			developmentRegion = en;
			hasScannedForEncodings = 0;
			knownRegions = (
				en,
				Base,
			);
			mainGroup = 0A0000010000000000000301;
			packageReferences = (
				0A0000010000000000000501 /* XCLocalSwiftPackageReference "../../../ios_inference" */,
			);
			productRefGroup = 0A0000010000000000000303 /* Products */;
			projectDirPath = "";
			projectRoot = "";
			targets = (
				0A0000010000000000000401 /* RLSScreen */,
			);
		};
/* End PBXProject section */

/* Begin PBXResourcesBuildPhase section */
		0A0000010000000000000203 /* Resources */ = {
			isa = PBXResourcesBuildPhase;
			buildActionMask = 2147483647;
			files = (
				0A000001000000000000000B /* Resources/RLSModelBundle.json in Resources */,
				0A000001000000000000000F /* Assets.xcassets in Resources */,
			);
			runOnlyForDeploymentPostprocessing = 0;
		};
/* End PBXResourcesBuildPhase section */

/* Begin PBXSourcesBuildPhase section */
		0A0000010000000000000202 /* Sources */ = {
			isa = PBXSourcesBuildPhase;
			buildActionMask = 2147483647;
			files = (
				0A0000010000000000000001 /* RLSScreenApp.swift in Sources */,
				0A0000010000000000000002 /* Models/ScreeningModels.swift in Sources */,
				0A0000010000000000000003 /* Models/ScreeningStore.swift in Sources */,
				0A0000010000000000000004 /* Models/HealthDataProvider.swift in Sources */,
				0A0000010000000000000005 /* Views/ContentView.swift in Sources */,
				0A0000010000000000000006 /* Views/ScreeningView.swift in Sources */,
				0A0000010000000000000007 /* Views/InputSectionView.swift in Sources */,
				0A0000010000000000000008 /* Views/HistoryView.swift in Sources */,
				0A0000010000000000000009 /* Views/ModelInfoView.swift in Sources */,
				0A000001000000000000000A /* Views/ViewModifiers.swift in Sources */,
				0A000001000000000000000D /* Models/NotificationManager.swift in Sources */,
				0A000001000000000000000E /* Models/BackgroundRefreshCoordinator.swift in Sources */,
				0A0000010000000000000010 /* Views/SleepAnalysisView.swift in Sources */,
				0A0000010000000000000011 /* Views/OnboardingView.swift in Sources */,
			);
			runOnlyForDeploymentPostprocessing = 0;
		};
/* End PBXSourcesBuildPhase section */

/* Begin XCBuildConfiguration section */
		0A0000010000000000000801 /* Debug */ = {
			isa = XCBuildConfiguration;
			buildSettings = {
				ALWAYS_SEARCH_USER_PATHS = NO;
				CLANG_ANALYZER_NONNULL = YES;
				CLANG_ANALYZER_NUMBER_OBJECT_CONVERSION = YES_AGGRESSIVE;
				CLANG_CXX_LANGUAGE_STANDARD = "gnu++20";
				CLANG_ENABLE_MODULES = YES;
				CLANG_ENABLE_OBJC_ARC = YES;
				CLANG_ENABLE_OBJC_WEAK = YES;
				CLANG_WARN_BLOCK_CAPTURE_AUTORELEASING = YES;
				CLANG_WARN_BOOL_CONVERSION = YES;
				CLANG_WARN_COMMA = YES;
				CLANG_WARN_CONSTANT_CONVERSION = YES;
				CLANG_WARN_DEPRECATED_OBJC_IMPLEMENTATIONS = YES;
				CLANG_WARN_DIRECT_OBJC_ISA_USAGE = YES_ERROR;
				CLANG_WARN_DOCUMENTATION_COMMENTS = YES;
				CLANG_WARN_EMPTY_BODY = YES;
				CLANG_WARN_ENUM_CONVERSION = YES;
				CLANG_WARN_INFINITE_RECURSION = YES;
				CLANG_WARN_INT_CONVERSION = YES;
				CLANG_WARN_NON_LITERAL_NULL_CONVERSION = YES;
				CLANG_WARN_OBJC_IMPLICIT_RETAIN_SELF = YES;
				CLANG_WARN_OBJC_LITERAL_CONVERSION = YES;
				CLANG_WARN_OBJC_ROOT_CLASS = YES_ERROR;
				CLANG_WARN_QUOTED_INCLUDE_IN_FRAMEWORK_HEADER = YES;
				CLANG_WARN_RANGE_LOOP_ANALYSIS = YES;
				CLANG_WARN_STRICT_PROTOTYPES = YES;
				CLANG_WARN_SUSPICIOUS_MOVE = YES;
				CLANG_WARN_UNGUARDED_AVAILABILITY = YES_AGGRESSIVE;
				CLANG_WARN_UNREACHABLE_CODE = YES;
				CLANG_WARN__DUPLICATE_METHOD_MATCH = YES;
				COPY_PHASE_STRIP = NO;
				DEBUG_INFORMATION_FORMAT = dwarf;
				ENABLE_STRICT_OBJC_MSGSEND = YES;
				ENABLE_TESTABILITY = YES;
				GCC_C_LANGUAGE_STANDARD = gnu17;
				GCC_DYNAMIC_NO_PIC = NO;
				GCC_NO_COMMON_BLOCKS = YES;
				GCC_OPTIMIZATION_LEVEL = 0;
				GCC_PREPROCESSOR_DEFINITIONS = (
					"DEBUG=1",
					"$(inherited)",
				);
				GCC_WARN_64_TO_32_BIT_CONVERSION = YES;
				GCC_WARN_ABOUT_RETURN_TYPE = YES_ERROR;
				GCC_WARN_UNDECLARED_SELECTOR = YES;
				GCC_WARN_UNINITIALIZED_AUTOS = YES_AGGRESSIVE;
				GCC_WARN_UNUSED_FUNCTION = YES;
				GCC_WARN_UNUSED_VARIABLE = YES;
				IPHONEOS_DEPLOYMENT_TARGET = 17.0;
				MTL_ENABLE_DEBUG_INFO = INCLUDE_SOURCE;
				MTL_FAST_MATH = YES;
				ONLY_ACTIVE_ARCH = YES;
				SDKROOT = iphoneos;
				SWIFT_ACTIVE_COMPILATION_CONDITIONS = DEBUG;
				SWIFT_OPTIMIZATION_LEVEL = "-Onone";
			};
			name = Debug;
		};
		0A0000010000000000000802 /* Release */ = {
			isa = XCBuildConfiguration;
			buildSettings = {
				ALWAYS_SEARCH_USER_PATHS = NO;
				CLANG_ANALYZER_NONNULL = YES;
				CLANG_ANALYZER_NUMBER_OBJECT_CONVERSION = YES_AGGRESSIVE;
				CLANG_CXX_LANGUAGE_STANDARD = "gnu++20";
				CLANG_ENABLE_MODULES = YES;
				CLANG_ENABLE_OBJC_ARC = YES;
				CLANG_ENABLE_OBJC_WEAK = YES;
				CLANG_WARN_BLOCK_CAPTURE_AUTORELEASING = YES;
				CLANG_WARN_BOOL_CONVERSION = YES;
				CLANG_WARN_COMMA = YES;
				CLANG_WARN_CONSTANT_CONVERSION = YES;
				CLANG_WARN_DEPRECATED_OBJC_IMPLEMENTATIONS = YES;
				CLANG_WARN_DIRECT_OBJC_ISA_USAGE = YES_ERROR;
				CLANG_WARN_DOCUMENTATION_COMMENTS = YES;
				CLANG_WARN_EMPTY_BODY = YES;
				CLANG_WARN_ENUM_CONVERSION = YES;
				CLANG_WARN_INFINITE_RECURSION = YES;
				CLANG_WARN_INT_CONVERSION = YES;
				CLANG_WARN_NON_LITERAL_NULL_CONVERSION = YES;
				CLANG_WARN_OBJC_IMPLICIT_RETAIN_SELF = YES;
				CLANG_WARN_OBJC_LITERAL_CONVERSION = YES;
				CLANG_WARN_OBJC_ROOT_CLASS = YES_ERROR;
				CLANG_WARN_QUOTED_INCLUDE_IN_FRAMEWORK_HEADER = YES;
				CLANG_WARN_RANGE_LOOP_ANALYSIS = YES;
				CLANG_WARN_STRICT_PROTOTYPES = YES;
				CLANG_WARN_SUSPICIOUS_MOVE = YES;
				CLANG_WARN_UNGUARDED_AVAILABILITY = YES_AGGRESSIVE;
				CLANG_WARN_UNREACHABLE_CODE = YES;
				CLANG_WARN__DUPLICATE_METHOD_MATCH = YES;
				COPY_PHASE_STRIP = NO;
				DEBUG_INFORMATION_FORMAT = "dwarf-with-dsym";
				ENABLE_NS_ASSERTIONS = NO;
				ENABLE_STRICT_OBJC_MSGSEND = YES;
				GCC_C_LANGUAGE_STANDARD = gnu17;
				GCC_NO_COMMON_BLOCKS = YES;
				GCC_WARN_64_TO_32_BIT_CONVERSION = YES;
				GCC_WARN_ABOUT_RETURN_TYPE = YES_ERROR;
				GCC_WARN_UNDECLARED_SELECTOR = YES;
				GCC_WARN_UNINITIALIZED_AUTOS = YES_AGGRESSIVE;
				GCC_WARN_UNUSED_FUNCTION = YES;
				GCC_WARN_UNUSED_VARIABLE = YES;
				IPHONEOS_DEPLOYMENT_TARGET = 17.0;
				MTL_ENABLE_DEBUG_INFO = NO;
				MTL_FAST_MATH = YES;
				SDKROOT = iphoneos;
				SWIFT_COMPILATION_MODE = wholemodule;
				SWIFT_OPTIMIZATION_LEVEL = "-O";
				VALIDATE_PRODUCT = YES;
			};
			name = Release;
		};
		0A0000010000000000000803 /* Debug */ = {
			isa = XCBuildConfiguration;
			buildSettings = {
				ASSETCATALOG_COMPILER_APPICON_NAME = AppIcon;
				CODE_SIGN_ENTITLEMENTS = RLSScreen/RLSScreen.entitlements;
				CODE_SIGN_IDENTITY = "Apple Development";
				CODE_SIGN_STYLE = Automatic;
				CURRENT_PROJECT_VERSION = 1;
				DEVELOPMENT_ASSET_PATHS = "";
				DEVELOPMENT_TEAM = DJ55HUN7DC;
				ENABLE_PREVIEWS = YES;
				GENERATE_INFOPLIST_FILE = NO;
				INFOPLIST_FILE = RLSScreen/Info.plist;
				IPHONEOS_DEPLOYMENT_TARGET = 17.0;
				MARKETING_VERSION = 0.1.0;
				PRODUCT_BUNDLE_IDENTIFIER = local.rls.screen;
				PRODUCT_NAME = "$(TARGET_NAME)";
				PROVISIONING_PROFILE_SPECIFIER = "";
				SUPPORTED_PLATFORMS = "iphoneos iphonesimulator";
				SWIFT_EMIT_LOC_STRINGS = YES;
				SWIFT_VERSION = 5.0;
				TARGETED_DEVICE_FAMILY = 1;
			};
			name = Debug;
		};
		0A0000010000000000000804 /* Release */ = {
			isa = XCBuildConfiguration;
			buildSettings = {
				ASSETCATALOG_COMPILER_APPICON_NAME = AppIcon;
				CODE_SIGN_ENTITLEMENTS = RLSScreen/RLSScreen.entitlements;
				CODE_SIGN_IDENTITY = "Apple Development";
				CODE_SIGN_STYLE = Automatic;
				CURRENT_PROJECT_VERSION = 1;
				DEVELOPMENT_ASSET_PATHS = "";
				DEVELOPMENT_TEAM = DJ55HUN7DC;
				GENERATE_INFOPLIST_FILE = NO;
				INFOPLIST_FILE = RLSScreen/Info.plist;
				IPHONEOS_DEPLOYMENT_TARGET = 17.0;
				MARKETING_VERSION = 0.1.0;
				PRODUCT_BUNDLE_IDENTIFIER = local.rls.screen;
				PRODUCT_NAME = "$(TARGET_NAME)";
				PROVISIONING_PROFILE_SPECIFIER = "";
				SUPPORTED_PLATFORMS = "iphoneos iphonesimulator";
				SWIFT_EMIT_LOC_STRINGS = YES;
				SWIFT_VERSION = 5.0;
				TARGETED_DEVICE_FAMILY = 1;
			};
			name = Release;
		};
/* End XCBuildConfiguration section */

/* Begin XCConfigurationList section */
		0A0000010000000000000701 /* Build configuration list for PBXProject "RLSScreen" */ = {
			isa = XCConfigurationList;
			buildConfigurations = (
				0A0000010000000000000801 /* Debug */,
				0A0000010000000000000802 /* Release */,
			);
			defaultConfigurationIsVisible = 0;
			defaultConfigurationName = Release;
		};
		0A0000010000000000000702 /* Build configuration list for PBXNativeTarget "RLSScreen" */ = {
			isa = XCConfigurationList;
			buildConfigurations = (
				0A0000010000000000000803 /* Debug */,
				0A0000010000000000000804 /* Release */,
			);
			defaultConfigurationIsVisible = 0;
			defaultConfigurationName = Release;
		};
/* End XCConfigurationList section */

/* Begin XCLocalSwiftPackageReference section */
		0A0000010000000000000501 /* XCLocalSwiftPackageReference "../../../ios_inference" */ = {
			isa = XCLocalSwiftPackageReference;
			relativePath = ../../../ios_inference;
		};
/* End XCLocalSwiftPackageReference section */

/* Begin XCSwiftPackageProductDependency section */
		0A0000010000000000000502 /* RLSInference */ = {
			isa = XCSwiftPackageProductDependency;
			package = 0A0000010000000000000501 /* XCLocalSwiftPackageReference "../../../ios_inference" */;
			productName = RLSInference;
		};
/* End XCSwiftPackageProductDependency section */
	};
	rootObject = 0A0000010000000000000601 /* Project object */;
}
